
Microsoft Visual Studio Solution File, Format Version 12.00
# Visual Studio Version 17
VisualStudioVersion = 17.7.34221.43
MinimumVisualStudioVersion = 10.0.40219.1
Project("{FAE04EC0-301F-11D3-BF4B-00C04F79EFBC}") = "apigetcmt", "apigetcmt\apigetcmt.csproj", "{B0D7C832-D68B-49CD-878A-6312BE74B04D}"
EndProject
Global
	GlobalSection(SolutionConfigurationPlatforms) = preSolution
		Debug|Any CPU = Debug|Any CPU
		Release|Any CPU = Release|Any CPU
	EndGlobalSection
	GlobalSection(ProjectConfigurationPlatforms) = postSolution
		{B0D7C832-D68B-49CD-878A-6312BE74B04D}.Debug|Any CPU.ActiveCfg = Debug|Any CPU
		{B0D7C832-D68B-49CD-878A-6312BE74B04D}.Debug|Any CPU.Build.0 = Debug|Any CPU
		{B0D7C832-D68B-49CD-878A-6312BE74B04D}.Release|Any CPU.ActiveCfg = Release|Any CPU
		{B0D7C832-D68B-49CD-878A-6312BE74B04D}.Release|Any CPU.Build.0 = Release|Any CPU
	EndGlobalSection
	GlobalSection(SolutionProperties) = preSolution
		HideSolutionNode = FALSE
	EndGlobalSection
	GlobalSection(ExtensibilityGlobals) = postSolution
		SolutionGuid = {1BC01BF6-4A99-4D18-A9B2-54ABE7962CA3}
	EndGlobalSection
EndGlobal
